
Microsoft Visual Studio Solution File, Format Version 12.00
# Visual Studio Version 16
VisualStudioVersion = 16.0.36227.6
MinimumVisualStudioVersion = 10.0.40219.1
Project("{FAE04EC0-301F-11D3-BF4B-00C04F79EFBC}") = "Adam Asmaca", "Adam Asmaca.csproj", "{0CD2F30C-C71A-461A-A482-02FE0B2EFD49}"
EndProject
Global
	GlobalSection(SolutionConfigurationPlatforms) = preSolution
		Debug|Any CPU = Debug|Any CPU
		Release|Any CPU = Release|Any CPU
	EndGlobalSection
	GlobalSection(ProjectConfigurationPlatforms) = postSolution
		{0CD2F30C-C71A-461A-A482-02FE0B2EFD49}.Debug|Any CPU.ActiveCfg = Debug|Any CPU
		{0CD2F30C-C71A-461A-A482-02FE0B2EFD49}.Debug|Any CPU.Build.0 = Debug|Any CPU
		{0CD2F30C-C71A-461A-A482-02FE0B2EFD49}.Release|Any CPU.ActiveCfg = Release|Any CPU
		{0CD2F30C-C71A-461A-A482-02FE0B2EFD49}.Release|Any CPU.Build.0 = Release|Any CPU
	EndGlobalSection
	GlobalSection(SolutionProperties) = preSolution
		HideSolutionNode = FALSE
	EndGlobalSection
	GlobalSection(ExtensibilityGlobals) = postSolution
		SolutionGuid = {96EB8CF2-1920-40C1-989A-D5C82BFF6FEA}
	EndGlobalSection
EndGlobal
